
Microsoft Visual Studio Solution File, Format Version 12.00
# Visual Studio Version 16
VisualStudioVersion = 16.0.32428.217
MinimumVisualStudioVersion = 10.0.40219.1
Project("{FAE04EC0-301F-11D3-BF4B-00C04F79EFBC}") = "MyMovies", "MyMovies\MyMovies.csproj", "{F4AD931A-3D80-40AC-B5A9-9893A3C4345C}"
EndProject
Global
	GlobalSection(SolutionConfigurationPlatforms) = preSolution
		Debug|Any CPU = Debug|Any CPU
		Release|Any CPU = Release|Any CPU
	EndGlobalSection
	GlobalSection(ProjectConfigurationPlatforms) = postSolution
		{F4AD931A-3D80-40AC-B5A9-9893A3C4345C}.Debug|Any CPU.ActiveCfg = Debug|Any CPU
		{F4AD931A-3D80-40AC-B5A9-9893A3C4345C}.Debug|Any CPU.Build.0 = Debug|Any CPU
		{F4AD931A-3D80-40AC-B5A9-9893A3C4345C}.Release|Any CPU.ActiveCfg = Release|Any CPU
		{F4AD931A-3D80-40AC-B5A9-9893A3C4345C}.Release|Any CPU.Build.0 = Release|Any CPU
	EndGlobalSection
	GlobalSection(SolutionProperties) = preSolution
		HideSolutionNode = FALSE
	EndGlobalSection
	GlobalSection(ExtensibilityGlobals) = postSolution
		SolutionGuid = {97EB2487-9A7E-4DEA-97FD-EF20A99D1D40}
	EndGlobalSection
EndGlobal
